
Microsoft Visual Studio Solution File, Format Version 12.00
# Visual Studio Version 16
VisualStudioVersion = 16.0.31515.178
MinimumVisualStudioVersion = 10.0.40219.1
Project("{FAE04EC0-301F-11D3-BF4B-00C04F79EFBC}") = "PresentacionLayer", "PresentacionLayer\PresentacionLayer.csproj", "{CD2729C2-57D0-4BC8-8AB1-E2C240F3F020}"
EndProject
Project("{FAE04EC0-301F-11D3-BF4B-00C04F79EFBC}") = "LogicaLayer", "LogicaLayer\LogicaLayer.csproj", "{ED44B43F-7B33-4837-9F97-7E1B3E6D80CA}"
EndProject
Project("{FAE04EC0-301F-11D3-BF4B-00C04F79EFBC}") = "LogicaLayerTests", "LogicaLayerTests\LogicaLayerTests.csproj", "{28F883E4-0746-44EE-88AC-DEE25444C133}"
EndProject
Global
	GlobalSection(SolutionConfigurationPlatforms) = preSolution
		Debug|Any CPU = Debug|Any CPU
		Release|Any CPU = Release|Any CPU
	EndGlobalSection
	GlobalSection(ProjectConfigurationPlatforms) = postSolution
		{CD2729C2-57D0-4BC8-8AB1-E2C240F3F020}.Debug|Any CPU.ActiveCfg = Debug|Any CPU
		{CD2729C2-57D0-4BC8-8AB1-E2C240F3F020}.Debug|Any CPU.Build.0 = Debug|Any CPU
		{CD2729C2-57D0-4BC8-8AB1-E2C240F3F020}.Release|Any CPU.ActiveCfg = Release|Any CPU
		{CD2729C2-57D0-4BC8-8AB1-E2C240F3F020}.Release|Any CPU.Build.0 = Release|Any CPU
		{ED44B43F-7B33-4837-9F97-7E1B3E6D80CA}.Debug|Any CPU.ActiveCfg = Debug|Any CPU
		{ED44B43F-7B33-4837-9F97-7E1B3E6D80CA}.Debug|Any CPU.Build.0 = Debug|Any CPU
		{ED44B43F-7B33-4837-9F97-7E1B3E6D80CA}.Release|Any CPU.ActiveCfg = Release|Any CPU
		{ED44B43F-7B33-4837-9F97-7E1B3E6D80CA}.Release|Any CPU.Build.0 = Release|Any CPU
		{28F883E4-0746-44EE-88AC-DEE25444C133}.Debug|Any CPU.ActiveCfg = Debug|Any CPU
		{28F883E4-0746-44EE-88AC-DEE25444C133}.Debug|Any CPU.Build.0 = Debug|Any CPU
		{28F883E4-0746-44EE-88AC-DEE25444C133}.Release|Any CPU.ActiveCfg = Release|Any CPU
		{28F883E4-0746-44EE-88AC-DEE25444C133}.Release|Any CPU.Build.0 = Release|Any CPU
	EndGlobalSection
	GlobalSection(SolutionProperties) = preSolution
		HideSolutionNode = FALSE
	EndGlobalSection
	GlobalSection(ExtensibilityGlobals) = postSolution
		SolutionGuid = {F8F7D3DE-963A-4DA1-9850-453B6C9E7824}
	EndGlobalSection
EndGlobal
